{
  "name": "server",
  "version": "1.0.0",
  "lockfileVersion": 1,
  "requires": true,
  "dependencies": {
    "@hapi/accept": {
      "version": "3.2.3",
      "resolved": "https://registry.npmjs.org/@hapi/accept/-/accept-3.2.3.tgz",
      "integrity": "sha512-qEzsOJkCAJZxwj3iF83bSG9Lxy8Bpbrt8mRLNdvSALT6vlU2cYh6ZEHKEZPy4h/Mo31Su3j0rJgFF91+W1RWDQ==",
      "requires": {
        "@hapi/boom": "7.x.x",
        "@hapi/hoek": "8.x.x"
      }
    },
    "@hapi/address": {
      "version": "2.1.2",
      "resolved": "https://registry.npmjs.org/@hapi/address/-/address-2.1.2.tgz",
      "integrity": "sha512-O4QDrx+JoGKZc6aN64L04vqa7e41tIiLU+OvKdcYaEMP97UttL0f9GIi9/0A4WAMx0uBd6SidDIhktZhgOcN8Q=="
    },
    "@hapi/ammo": {
      "version": "3.1.1",
      "resolved": "https://registry.npmjs.org/@hapi/ammo/-/ammo-3.1.1.tgz",
      "integrity": "sha512-NYFK27VSPGyQ/KmOQedpQH4PSjE7awLntepX68vrYtRvuJO21W1kX0bK2p3C+6ltUwtCQSvmNT8a4uMVAysC6Q==",
      "requires": {
        "@hapi/hoek": "8.x.x"
      }
    },
    "@hapi/b64": {
      "version": "4.2.1",
      "resolved": "https://registry.npmjs.org/@hapi/b64/-/b64-4.2.1.tgz",
      "integrity": "sha512-zqHpQuH5CBMw6hADzKfU/IGNrxq1Q+/wTYV+OiZRQN9F3tMyk+9BUMeBvFRMamduuqL8iSp62QAnJ+7ATiYLWA==",
      "requires": {
        "@hapi/hoek": "8.x.x"
      }
    },
    "@hapi/boom": {
      "version": "7.4.11",
      "resolved": "https://registry.npmjs.org/@hapi/boom/-/boom-7.4.11.tgz",
      "integrity": "sha512-VSU/Cnj1DXouukYxxkes4nNJonCnlogHvIff1v1RVoN4xzkKhMXX+GRmb3NyH1iar10I9WFPDv2JPwfH3GaV0A==",
      "requires": {
        "@hapi/hoek": "8.x.x"
      }
    },
    "@hapi/bounce": {
      "version": "1.3.1",
      "resolved": "https://registry.npmjs.org/@hapi/bounce/-/bounce-1.3.1.tgz",
      "integrity": "sha512-/ecFQTRBom2MEbjMHvKKE6FZ/e1gYK72CeUIFzz++dKK1kYJ0KbRJ72mXroWoTT2hIv+8H0ua/eOkO0+hRdHcw==",
      "requires": {
        "@hapi/boom": "7.x.x",
        "@hapi/hoek": "8.x.x"
      }
    },
    "@hapi/bourne": {
      "version": "1.3.2",
      "resolved": "https://registry.npmjs.org/@hapi/bourne/-/bourne-1.3.2.tgz",
      "integrity": "sha512-1dVNHT76Uu5N3eJNTYcvxee+jzX4Z9lfciqRRHCU27ihbUcYi+iSc2iml5Ke1LXe1SyJCLA0+14Jh4tXJgOppA=="
    },
    "@hapi/call": {
      "version": "5.1.1",
      "resolved": "https://registry.npmjs.org/@hapi/call/-/call-5.1.1.tgz",
      "integrity": "sha512-M6fC+9+K/ZB4hIdVQ8i0kc/6J5PWlW3PEWYKAAZpw0sk+28LiRTSF8BjOWwmiIjZWWs42AnEIiFJA0YrvcDnlw==",
      "requires": {
        "@hapi/boom": "7.x.x",
        "@hapi/hoek": "8.x.x"
      }
    },
    "@hapi/catbox": {
      "version": "10.2.3",
      "resolved": "https://registry.npmjs.org/@hapi/catbox/-/catbox-10.2.3.tgz",
      "integrity": "sha512-kN9hXO4NYyOHW09CXiuj5qW1syc/0XeVOBsNNk0Tz89wWNQE5h21WF+VsfAw3uFR8swn/Wj3YEVBnWqo82m/JQ==",
      "requires": {
        "@hapi/boom": "7.x.x",
        "@hapi/hoek": "8.x.x",
        "@hapi/joi": "16.x.x",
        "@hapi/podium": "3.x.x"
      },
      "dependencies": {
        "@hapi/joi": {
          "version": "16.1.4",
          "resolved": "https://registry.npmjs.org/@hapi/joi/-/joi-16.1.4.tgz",
          "integrity": "sha512-m7ctezhxjob+dSpXnCNlgAj6rrEpdSsaWu3GWL3g1AybQCU36mlAo9IwGFJwIxD+oHgdO6mYyviYlaejX+qN6g==",
          "requires": {
            "@hapi/address": "^2.1.2",
            "@hapi/formula": "^1.2.0",
            "@hapi/hoek": "^8.2.4",
            "@hapi/pinpoint": "^1.0.2",
            "@hapi/topo": "^3.1.3"
          }
        }
      }
    },
    "@hapi/catbox-memory": {
      "version": "4.1.1",
      "resolved": "https://registry.npmjs.org/@hapi/catbox-memory/-/catbox-memory-4.1.1.tgz",
      "integrity": "sha512-T6Hdy8DExzG0jY7C8yYWZB4XHfc0v+p1EGkwxl2HoaPYAmW7I3E59M/IvmSVpis8RPcIoBp41ZpO2aZPBpM2Ww==",
      "requires": {
        "@hapi/boom": "7.x.x",
        "@hapi/hoek": "8.x.x"
      }
    },
    "@hapi/content": {
      "version": "4.1.0",
      "resolved": "https://registry.npmjs.org/@hapi/content/-/content-4.1.0.tgz",
      "integrity": "sha512-hv2Czsl49hnWDEfRZOFow/BmYbKyfEknmk3k83gOp6moFn5ceHB4xVcna8OwsGfy8dxO81lhpPy+JgQEaU4SWw==",
      "requires": {
        "@hapi/boom": "7.x.x"
      }
    },
    "@hapi/cryptiles": {
      "version": "4.2.1",
      "resolved": "https://registry.npmjs.org/@hapi/cryptiles/-/cryptiles-4.2.1.tgz",
      "integrity": "sha512-XoqgKsHK0l/VpqPs+tr6j6vE+VQ3+2bkF2stvttmc7xAOf1oSAwHcJ0tlp/6MxMysktt1IEY0Csy3khKaP9/uQ==",
      "requires": {
        "@hapi/boom": "7.x.x"
      }
    },
    "@hapi/file": {
      "version": "1.0.0",
      "resolved": "https://registry.npmjs.org/@hapi/file/-/file-1.0.0.tgz",
      "integrity": "sha512-Bsfp/+1Gyf70eGtnIgmScvrH8sSypO3TcK3Zf0QdHnzn/ACnAkI6KLtGACmNRPEzzIy+W7aJX5E+1fc9GwIABQ=="
    },
    "@hapi/formula": {
      "version": "1.2.0",
      "resolved": "https://registry.npmjs.org/@hapi/formula/-/formula-1.2.0.tgz",
      "integrity": "sha512-UFbtbGPjstz0eWHb+ga/GM3Z9EzqKXFWIbSOFURU0A/Gku0Bky4bCk9/h//K2Xr3IrCfjFNhMm4jyZ5dbCewGA=="
    },
    "@hapi/hapi": {
      "version": "18.4.0",
      "resolved": "https://registry.npmjs.org/@hapi/hapi/-/hapi-18.4.0.tgz",
      "integrity": "sha512-uk9zqknRLcNVQKgrPURm85DqkdroWP8eDRekh/IPoKvC4VjdZSn6EH2eUriOwyud/CldeBS3HDIJ/PtRj3VxDQ==",
      "requires": {
        "@hapi/accept": "3.x.x",
        "@hapi/ammo": "3.x.x",
        "@hapi/boom": "7.x.x",
        "@hapi/bounce": "1.x.x",
        "@hapi/call": "5.x.x",
        "@hapi/catbox": "10.x.x",
        "@hapi/catbox-memory": "4.x.x",
        "@hapi/heavy": "6.x.x",
        "@hapi/hoek": "8.x.x",
        "@hapi/joi": "15.x.x",
        "@hapi/mimos": "4.x.x",
        "@hapi/podium": "3.x.x",
        "@hapi/shot": "4.x.x",
        "@hapi/somever": "2.x.x",
        "@hapi/statehood": "6.x.x",
        "@hapi/subtext": "6.x.x",
        "@hapi/teamwork": "3.x.x",
        "@hapi/topo": "3.x.x"
      },
      "dependencies": {
        "@hapi/joi": {
          "version": "15.1.1",
          "resolved": "https://registry.npmjs.org/@hapi/joi/-/joi-15.1.1.tgz",
          "integrity": "sha512-entf8ZMOK8sc+8YfeOlM8pCfg3b5+WZIKBfUaaJT8UsjAAPjartzxIYm3TIbjvA4u+u++KbcXD38k682nVHDAQ==",
          "requires": {
            "@hapi/address": "2.x.x",
            "@hapi/bourne": "1.x.x",
            "@hapi/hoek": "8.x.x",
            "@hapi/topo": "3.x.x"
          }
        }
      }
    },
    "@hapi/heavy": {
      "version": "6.2.2",
      "resolved": "https://registry.npmjs.org/@hapi/heavy/-/heavy-6.2.2.tgz",
      "integrity": "sha512-PY1dCCO6dsze7RlafIRhTaGeyTgVe49A/lSkxbhKGjQ7x46o/OFf7hLiRqTCDh3atcEKf6362EaB3+kTUbCsVA==",
      "requires": {
        "@hapi/boom": "7.x.x",
        "@hapi/hoek": "8.x.x",
        "@hapi/joi": "16.x.x"
      },
      "dependencies": {
        "@hapi/joi": {
          "version": "16.1.4",
          "resolved": "https://registry.npmjs.org/@hapi/joi/-/joi-16.1.4.tgz",
          "integrity": "sha512-m7ctezhxjob+dSpXnCNlgAj6rrEpdSsaWu3GWL3g1AybQCU36mlAo9IwGFJwIxD+oHgdO6mYyviYlaejX+qN6g==",
          "requires": {
            "@hapi/address": "^2.1.2",
            "@hapi/formula": "^1.2.0",
            "@hapi/hoek": "^8.2.4",
            "@hapi/pinpoint": "^1.0.2",
            "@hapi/topo": "^3.1.3"
          }
        }
      }
    },
    "@hapi/hoek": {
      "version": "8.2.5",
      "resolved": "https://registry.npmjs.org/@hapi/hoek/-/hoek-8.2.5.tgz",
      "integrity": "sha512-rmGFzok1zR3xZKd5m3ihWdqafXFxvPHoQ/78+AG5URKbEbJiwBBfRgzbu+07W5f3+07JRshw6QqGbVmCp8ntig=="
    },
    "@hapi/inert": {
      "version": "5.2.2",
      "resolved": "https://registry.npmjs.org/@hapi/inert/-/inert-5.2.2.tgz",
      "integrity": "sha512-8IaGfAEF8SwZtpdaTq0G3aDPG35ZTfWKjnMNniG2N3kE+qioMsBuImIGxna8TNQ+sYMXYK78aqmvzbQHno8qSQ==",
      "requires": {
        "@hapi/ammo": "3.x.x",
        "@hapi/boom": "7.x.x",
        "@hapi/bounce": "1.x.x",
        "@hapi/hoek": "8.x.x",
        "@hapi/joi": "16.x.x",
        "lru-cache": "4.1.x"
      },
      "dependencies": {
        "@hapi/joi": {
          "version": "16.1.4",
          "resolved": "https://registry.npmjs.org/@hapi/joi/-/joi-16.1.4.tgz",
          "integrity": "sha512-m7ctezhxjob+dSpXnCNlgAj6rrEpdSsaWu3GWL3g1AybQCU36mlAo9IwGFJwIxD+oHgdO6mYyviYlaejX+qN6g==",
          "requires": {
            "@hapi/address": "^2.1.2",
            "@hapi/formula": "^1.2.0",
            "@hapi/hoek": "^8.2.4",
            "@hapi/pinpoint": "^1.0.2",
            "@hapi/topo": "^3.1.3"
          }
        }
      }
    },
    "@hapi/iron": {
      "version": "5.1.4",
      "resolved": "https://registry.npmjs.org/@hapi/iron/-/iron-5.1.4.tgz",
      "integrity": "sha512-+ElC+OCiwWLjlJBmm8ZEWjlfzTMQTdgPnU/TsoU5QsktspIWmWi9IU4kU83nH+X/SSya8TP8h8P11Wr5L7dkQQ==",
      "requires": {
        "@hapi/b64": "4.x.x",
        "@hapi/boom": "7.x.x",
        "@hapi/bourne": "1.x.x",
        "@hapi/cryptiles": "4.x.x",
        "@hapi/hoek": "8.x.x"
      }
    },
    "@hapi/joi": {
      "version": "16.1.4",
      "resolved": "https://registry.npmjs.org/@hapi/joi/-/joi-16.1.4.tgz",
      "integrity": "sha512-m7ctezhxjob+dSpXnCNlgAj6rrEpdSsaWu3GWL3g1AybQCU36mlAo9IwGFJwIxD+oHgdO6mYyviYlaejX+qN6g==",
      "requires": {
        "@hapi/address": "^2.1.2",
        "@hapi/formula": "^1.2.0",
        "@hapi/hoek": "^8.2.4",
        "@hapi/pinpoint": "^1.0.2",
        "@hapi/topo": "^3.1.3"
      }
    },
    "@hapi/mimos": {
      "version": "4.1.1",
      "resolved": "https://registry.npmjs.org/@hapi/mimos/-/mimos-4.1.1.tgz",
      "integrity": "sha512-CXoi/zfcTWfKYX756eEea8rXJRIb9sR4d7VwyAH9d3BkDyNgAesZxvqIdm55npQc6S9mU3FExinMAQVlIkz0eA==",
      "requires": {
        "@hapi/hoek": "8.x.x",
        "mime-db": "1.x.x"
      }
    },
    "@hapi/nigel": {
      "version": "3.1.1",
      "resolved": "https://registry.npmjs.org/@hapi/nigel/-/nigel-3.1.1.tgz",
      "integrity": "sha512-R9YWx4S8yu0gcCBrMUDCiEFm1SQT895dMlYoeNBp8I6YhF1BFF1iYPueKA2Kkp9BvyHdjmvrxCOns7GMmpl+Fw==",
      "requires": {
        "@hapi/hoek": "8.x.x",
        "@hapi/vise": "3.x.x"
      }
    },
    "@hapi/pez": {
      "version": "4.1.1",
      "resolved": "https://registry.npmjs.org/@hapi/pez/-/pez-4.1.1.tgz",
      "integrity": "sha512-TUa2C7Xk6J69HWrm+Ad+O6dFvdVAG0BiFUYaRsmkdWjFIfwHBCaOI1dWT/juNukSb39Lj6/mDVyjN+H4nKB3xg==",
      "requires": {
        "@hapi/b64": "4.x.x",
        "@hapi/boom": "7.x.x",
        "@hapi/content": "4.x.x",
        "@hapi/hoek": "8.x.x",
        "@hapi/nigel": "3.x.x"
      }
    },
    "@hapi/pinpoint": {
      "version": "1.0.2",
      "resolved": "https://registry.npmjs.org/@hapi/pinpoint/-/pinpoint-1.0.2.tgz",
      "integrity": "sha512-dtXC/WkZBfC5vxscazuiJ6iq4j9oNx1SHknmIr8hofarpKUZKmlUVYVIhNVzIEgK5Wrc4GMHL5lZtt1uS2flmQ=="
    },
    "@hapi/podium": {
      "version": "3.4.2",
      "resolved": "https://registry.npmjs.org/@hapi/podium/-/podium-3.4.2.tgz",
      "integrity": "sha512-g9zlAkRL2uDlnEo64xzEhFLblf4fdL5Z6evAO0wJhdxEvokI/+6ryv7k6uhND481LiLzQz8qTtPYMuhH1hichw==",
      "requires": {
        "@hapi/hoek": "8.x.x",
        "@hapi/joi": "16.x.x"
      },
      "dependencies": {
        "@hapi/joi": {
          "version": "16.1.4",
          "resolved": "https://registry.npmjs.org/@hapi/joi/-/joi-16.1.4.tgz",
          "integrity": "sha512-m7ctezhxjob+dSpXnCNlgAj6rrEpdSsaWu3GWL3g1AybQCU36mlAo9IwGFJwIxD+oHgdO6mYyviYlaejX+qN6g==",
          "requires": {
            "@hapi/address": "^2.1.2",
            "@hapi/formula": "^1.2.0",
            "@hapi/hoek": "^8.2.4",
            "@hapi/pinpoint": "^1.0.2",
            "@hapi/topo": "^3.1.3"
          }
        }
      }
    },
    "@hapi/shot": {
      "version": "4.1.2",
      "resolved": "https://registry.npmjs.org/@hapi/shot/-/shot-4.1.2.tgz",
      "integrity": "sha512-6LeHLjvsq/bQ0R+fhEyr7mqExRGguNTrxFZf5DyKe3CK6pNabiGgYO4JVFaRrLZ3JyuhkS0fo8iiRE2Ql2oA/A==",
      "requires": {
        "@hapi/hoek": "8.x.x",
        "@hapi/joi": "16.x.x"
      },
      "dependencies": {
        "@hapi/joi": {
          "version": "16.1.4",
          "resolved": "https://registry.npmjs.org/@hapi/joi/-/joi-16.1.4.tgz",
          "integrity": "sha512-m7ctezhxjob+dSpXnCNlgAj6rrEpdSsaWu3GWL3g1AybQCU36mlAo9IwGFJwIxD+oHgdO6mYyviYlaejX+qN6g==",
          "requires": {
            "@hapi/address": "^2.1.2",
            "@hapi/formula": "^1.2.0",
            "@hapi/hoek": "^8.2.4",
            "@hapi/pinpoint": "^1.0.2",
            "@hapi/topo": "^3.1.3"
          }
        }
      }
    },
    "@hapi/somever": {
      "version": "2.1.1",
      "resolved": "https://registry.npmjs.org/@hapi/somever/-/somever-2.1.1.tgz",
      "integrity": "sha512-cic5Sto4KGd9B0oQSdKTokju+rYhCbdpzbMb0EBnrH5Oc1z048hY8PaZ1lx2vBD7I/XIfTQVQetBH57fU51XRA==",
      "requires": {
        "@hapi/bounce": "1.x.x",
        "@hapi/hoek": "8.x.x"
      }
    },
    "@hapi/statehood": {
      "version": "6.1.2",
      "resolved": "https://registry.npmjs.org/@hapi/statehood/-/statehood-6.1.2.tgz",
      "integrity": "sha512-pYXw1x6npz/UfmtcpUhuMvdK5kuOGTKcJNfLqdNptzietK2UZH5RzNJSlv5bDHeSmordFM3kGItcuQWX2lj2nQ==",
      "requires": {
        "@hapi/boom": "7.x.x",
        "@hapi/bounce": "1.x.x",
        "@hapi/bourne": "1.x.x",
        "@hapi/cryptiles": "4.x.x",
        "@hapi/hoek": "8.x.x",
        "@hapi/iron": "5.x.x",
        "@hapi/joi": "16.x.x"
      },
      "dependencies": {
        "@hapi/joi": {
          "version": "16.1.4",
          "resolved": "https://registry.npmjs.org/@hapi/joi/-/joi-16.1.4.tgz",
          "integrity": "sha512-m7ctezhxjob+dSpXnCNlgAj6rrEpdSsaWu3GWL3g1AybQCU36mlAo9IwGFJwIxD+oHgdO6mYyviYlaejX+qN6g==",
          "requires": {
            "@hapi/address": "^2.1.2",
            "@hapi/formula": "^1.2.0",
            "@hapi/hoek": "^8.2.4",
            "@hapi/pinpoint": "^1.0.2",
            "@hapi/topo": "^3.1.3"
          }
        }
      }
    },
    "@hapi/subtext": {
      "version": "6.1.2",
      "resolved": "https://registry.npmjs.org/@hapi/subtext/-/subtext-6.1.2.tgz",
      "integrity": "sha512-G1kqD1E2QdxpvpL26WieIyo3z0qCa/sAGSa2TJI/PYPWCR9rL0rqFvhWY774xPZ4uK1PV3TIaJcx8AruAvxclg==",
      "requires": {
        "@hapi/boom": "7.x.x",
        "@hapi/bourne": "1.x.x",
        "@hapi/content": "4.x.x",
        "@hapi/file": "1.x.x",
        "@hapi/hoek": "8.x.x",
        "@hapi/pez": "4.x.x",
        "@hapi/wreck": "15.x.x"
      }
    },
    "@hapi/teamwork": {
      "version": "3.3.1",
      "resolved": "https://registry.npmjs.org/@hapi/teamwork/-/teamwork-3.3.1.tgz",
      "integrity": "sha512-61tiqWCYvMKP7fCTXy0M4VE6uNIwA0qvgFoiDubgfj7uqJ0fdHJFQNnVPGrxhLWlwz0uBPWrQlBH7r8y9vFITQ=="
    },
    "@hapi/topo": {
      "version": "3.1.4",
      "resolved": "https://registry.npmjs.org/@hapi/topo/-/topo-3.1.4.tgz",
      "integrity": "sha512-aVWQTOI9wBD6zawmOr6f+tdEIxQC8JXfQVLTjgGe8YEStAWGn/GNNVTobKJhbWKveQj2RyYF3oYbO9SC8/eOCA==",
      "requires": {
        "@hapi/hoek": "8.x.x"
      }
    },
    "@hapi/vise": {
      "version": "3.1.1",
      "resolved": "https://registry.npmjs.org/@hapi/vise/-/vise-3.1.1.tgz",
      "integrity": "sha512-OXarbiCSadvtg+bSdVPqu31Z1JoBL+FwNYz3cYoBKQ5xq1/Cr4A3IkGpAZbAuxU5y4NL5pZFZG3d2a3ZGm/dOQ==",
      "requires": {
        "@hapi/hoek": "8.x.x"
      }
    },
    "@hapi/vision": {
      "version": "5.5.4",
      "resolved": "https://registry.npmjs.org/@hapi/vision/-/vision-5.5.4.tgz",
      "integrity": "sha512-/DFgnQtcrlf2eQNkh/DHnjrCRHLSmHraU+PHe1SlxLUJxATQCw8VIEt6rJraM2jGTpFgHNk6B6ELtu3sBJCClg==",
      "requires": {
        "@hapi/boom": "7.x.x",
        "@hapi/bounce": "1.x.x",
        "@hapi/hoek": "8.x.x",
        "@hapi/joi": "16.x.x"
      },
      "dependencies": {
        "@hapi/joi": {
          "version": "16.1.4",
          "resolved": "https://registry.npmjs.org/@hapi/joi/-/joi-16.1.4.tgz",
          "integrity": "sha512-m7ctezhxjob+dSpXnCNlgAj6rrEpdSsaWu3GWL3g1AybQCU36mlAo9IwGFJwIxD+oHgdO6mYyviYlaejX+qN6g==",
          "requires": {
            "@hapi/address": "^2.1.2",
            "@hapi/formula": "^1.2.0",
            "@hapi/hoek": "^8.2.4",
            "@hapi/pinpoint": "^1.0.2",
            "@hapi/topo": "^3.1.3"
          }
        }
      }
    },
    "@hapi/wreck": {
      "version": "15.1.0",
      "resolved": "https://registry.npmjs.org/@hapi/wreck/-/wreck-15.1.0.tgz",
      "integrity": "sha512-tQczYRTTeYBmvhsek/D49En/5khcShaBEmzrAaDjMrFXKJRuF8xA8+tlq1ETLBFwGd6Do6g2OC74rt11kzawzg==",
      "requires": {
        "@hapi/boom": "7.x.x",
        "@hapi/bourne": "1.x.x",
        "@hapi/hoek": "8.x.x"
      }
    },
    "@phc/format": {
      "version": "0.5.0",
      "resolved": "https://registry.npmjs.org/@phc/format/-/format-0.5.0.tgz",
      "integrity": "sha512-JWtZ5P1bfXU0bAtTzCpOLYHDXuxSVdtL/oqz4+xa97h8w9E5IlVN333wugXVFv8vZ1hbXObKQf1ptXmFFcMByg==",
      "requires": {
        "safe-buffer": "^5.1.2"
      }
    },
    "abort-controller": {
      "version": "3.0.0",
      "resolved": "https://registry.npmjs.org/abort-controller/-/abort-controller-3.0.0.tgz",
      "integrity": "sha512-h8lQ8tacZYnR3vNQTgibj+tODHI5/+l06Au2Pcriv/Gmet0eaj4TwWH41sO9wnHDiQsEj19q0drzdWdeAHtweg==",
      "requires": {
        "event-target-shim": "^5.0.0"
      }
    },
    "agent-base": {
      "version": "4.3.0",
      "resolved": "https://registry.npmjs.org/agent-base/-/agent-base-4.3.0.tgz",
      "integrity": "sha512-salcGninV0nPrwpGNn4VTXBb1SOuXQBiqbrNXoeizJsHrsL6ERFM2Ne3JUSBWRE6aeNJI2ROP/WEEIDUiDe3cg==",
      "requires": {
        "es6-promisify": "^5.0.0"
      }
    },
    "argon2": {
      "version": "0.24.1",
      "resolved": "https://registry.npmjs.org/argon2/-/argon2-0.24.1.tgz",
      "integrity": "sha512-2S677iO18I+SQEUONkpvyagF9BJDYdiT82KqSMPQ2zP0oIYagVIPM0Y8T5pJ/4F4CrnN9PTCGA+ye1S0KupW3g==",
      "requires": {
        "@phc/format": "^0.5.0",
        "node-addon-api": "^1.7.1",
        "node-gyp-build": "^4.1.0"
      }
    },
    "arrify": {
      "version": "2.0.1",
      "resolved": "https://registry.npmjs.org/arrify/-/arrify-2.0.1.tgz",
      "integrity": "sha512-3duEwti880xqi4eAMN8AyR4a0ByT90zoYdLlevfrvU43vb0YZwZVfxOgxWrLXXXpyugL0hNZc9G6BiB5B3nUug=="
    },
    "base64-js": {
      "version": "1.3.1",
      "resolved": "https://registry.npmjs.org/base64-js/-/base64-js-1.3.1.tgz",
      "integrity": "sha512-mLQ4i2QO1ytvGWFWmcngKO//JXAQueZvwEKtjgQFM4jIK0kU+ytMfplL8j+n5mspOfjHwoAg+9yhb7BwAHm36g=="
    },
    "bignumber.js": {
      "version": "7.2.1",
      "resolved": "https://registry.npmjs.org/bignumber.js/-/bignumber.js-7.2.1.tgz",
      "integrity": "sha512-S4XzBk5sMB+Rcb/LNcpzXr57VRTxgAvaAEDAl1AwRx27j00hT84O6OkteE7u8UB3NuaaygCRrEpqox4uDOrbdQ=="
    },
    "buffer-equal-constant-time": {
      "version": "1.0.1",
      "resolved": "https://registry.npmjs.org/buffer-equal-constant-time/-/buffer-equal-constant-time-1.0.1.tgz",
      "integrity": "sha1-+OcRMvf/5uAaXJaXpMbz5I1cyBk="
    },
    "buffer-writer": {
      "version": "2.0.0",
      "resolved": "https://registry.npmjs.org/buffer-writer/-/buffer-writer-2.0.0.tgz",
      "integrity": "sha512-a7ZpuTZU1TRtnwyCNW3I5dc0wWNC3VR9S++Ewyk2HHZdrO3CQJqSpd+95Us590V6AL7JqUAH2IwZ/398PmNFgw=="
    },
    "date-fns": {
      "version": "2.4.1",
      "resolved": "https://registry.npmjs.org/date-fns/-/date-fns-2.4.1.tgz",
      "integrity": "sha512-2RhmH/sjDSCYW2F3ZQxOUx/I7PvzXpi89aQL2d3OAxSTwLx6NilATeUbe0menFE3Lu5lFkOFci36ivimwYHHxw=="
    },
    "debug": {
      "version": "3.2.6",
      "resolved": "https://registry.npmjs.org/debug/-/debug-3.2.6.tgz",
      "integrity": "sha512-mel+jf7nrtEl5Pn1Qx46zARXKDpBbvzezse7p7LqINmdoIk8PYP5SySaxEmYv6TZ0JyEKA1hsCId6DIhgITtWQ==",
      "requires": {
        "ms": "^2.1.1"
      }
    },
    "decompress-response": {
      "version": "4.2.1",
      "resolved": "https://registry.npmjs.org/decompress-response/-/decompress-response-4.2.1.tgz",
      "integrity": "sha512-jOSne2qbyE+/r8G1VU+G/82LBs2Fs4LAsTiLSHOCOMZQl2OKZ6i8i4IyHemTe+/yIXOtTcRQMzPcgyhoFlqPkw==",
      "requires": {
        "mimic-response": "^2.0.0"
      }
    },
    "ecdsa-sig-formatter": {
      "version": "1.0.11",
      "resolved": "https://registry.npmjs.org/ecdsa-sig-formatter/-/ecdsa-sig-formatter-1.0.11.tgz",
      "integrity": "sha512-nagl3RYrbNv6kQkeJIpt6NJZy8twLB/2vtz6yN9Z4vRKHN4/QZJIEbqohALSgwKdnksuY3k5Addp5lg8sVoVcQ==",
      "requires": {
        "safe-buffer": "^5.0.1"
      }
    },
    "ejs": {
      "version": "2.7.1",
      "resolved": "https://registry.npmjs.org/ejs/-/ejs-2.7.1.tgz",
      "integrity": "sha512-kS/gEPzZs3Y1rRsbGX4UOSjtP/CeJP0CxSNZHYxGfVM/VgLcv0ZqM7C45YyTj2DI2g7+P9Dd24C+IMIg6D0nYQ=="
    },
    "es6-promise": {
      "version": "4.2.8",
      "resolved": "https://registry.npmjs.org/es6-promise/-/es6-promise-4.2.8.tgz",
      "integrity": "sha512-HJDGx5daxeIvxdBxvG2cb9g4tEvwIk3i8+nhX0yGrYmZUzbkdg8QbDevheDB8gd0//uPj4c1EQua8Q+MViT0/w=="
    },
    "es6-promisify": {
      "version": "5.0.0",
      "resolved": "https://registry.npmjs.org/es6-promisify/-/es6-promisify-5.0.0.tgz",
      "integrity": "sha1-UQnWLz5W6pZ8S2NQWu8IKRyKUgM=",
      "requires": {
        "es6-promise": "^4.0.3"
      }
    },
    "event-target-shim": {
      "version": "5.0.1",
      "resolved": "https://registry.npmjs.org/event-target-shim/-/event-target-shim-5.0.1.tgz",
      "integrity": "sha512-i/2XbnSz/uxRCU6+NdVJgKWDTM427+MqYbkQzD321DuCQJUqOuJKIA0IM2+W2xtYHdKOmZ4dR6fExsd4SXL+WQ=="
    },
    "extend": {
      "version": "3.0.2",
      "resolved": "https://registry.npmjs.org/extend/-/extend-3.0.2.tgz",
      "integrity": "sha512-fjquC59cD7CyW6urNXK0FBufkZcoiGG80wTuPujX590cB5Ttln20E2UB4S/WARVqhXffZl2LNgS+gQdPIIim/g=="
    },
    "fast-text-encoding": {
      "version": "1.0.0",
      "resolved": "https://registry.npmjs.org/fast-text-encoding/-/fast-text-encoding-1.0.0.tgz",
      "integrity": "sha512-R9bHCvweUxxwkDwhjav5vxpFvdPGlVngtqmx4pIZfSUhM/Q4NiIUHB456BAf+Q1Nwu3HEZYONtu+Rya+af4jiQ=="
    },
    "gaxios": {
      "version": "2.0.1",
      "resolved": "https://registry.npmjs.org/gaxios/-/gaxios-2.0.1.tgz",
      "integrity": "sha512-c1NXovTxkgRJTIgB2FrFmOFg4YIV6N/bAa4f/FZ4jIw13Ql9ya/82x69CswvotJhbV3DiGnlTZwoq2NVXk2Irg==",
      "requires": {
        "abort-controller": "^3.0.0",
        "extend": "^3.0.2",
        "https-proxy-agent": "^2.2.1",
        "node-fetch": "^2.3.0"
      }
    },
    "gcp-metadata": {
      "version": "3.0.0",
      "resolved": "https://registry.npmjs.org/gcp-metadata/-/gcp-metadata-3.0.0.tgz",
      "integrity": "sha512-WP5/TZWri9TrD41jNr8ukY9dKYLL+8jwQVwbtUbmprjWuyybdnJNkbXbwqD2sdbXIVXD1WCqzfj7QftSLB6K8Q==",
      "requires": {
        "gaxios": "^2.0.1",
        "json-bigint": "^0.3.0"
      }
    },
    "google-auth-library": {
      "version": "5.3.0",
      "resolved": "https://registry.npmjs.org/google-auth-library/-/google-auth-library-5.3.0.tgz",
      "integrity": "sha512-DnwwP18H6RVtvtmDjmPLipKyx8NsXTQNZcNYud+ueOYaWSVxXeaSFBiBxABb93S3Ae41R60SnaSc19rljeoAxQ==",
      "requires": {
        "arrify": "^2.0.0",
        "base64-js": "^1.3.0",
        "fast-text-encoding": "^1.0.0",
        "gaxios": "^2.0.0",
        "gcp-metadata": "^3.0.0",
        "gtoken": "^4.1.0",
        "jws": "^3.1.5",
        "lru-cache": "^5.0.0"
      },
      "dependencies": {
        "lru-cache": {
          "version": "5.1.1",
          "resolved": "https://registry.npmjs.org/lru-cache/-/lru-cache-5.1.1.tgz",
          "integrity": "sha512-KpNARQA3Iwv+jTA0utUVVbrh+Jlrr1Fv0e56GGzAFOXN7dk/FviaDW8LHmK52DlcH4WP2n6gI8vN1aesBFgo9w==",
          "requires": {
            "yallist": "^3.0.2"
          }
        },
        "yallist": {
          "version": "3.1.0",
          "resolved": "https://registry.npmjs.org/yallist/-/yallist-3.1.0.tgz",
          "integrity": "sha512-6gpP93MR+VOOehKbCPchro3wFZNSNmek8A2kbkOAZLIZAYx1KP/zAqwO0sOHi3xJEb+UBz8NaYt/17UNit1Q9w=="
        }
      }
    },
    "google-p12-pem": {
      "version": "2.0.2",
      "resolved": "https://registry.npmjs.org/google-p12-pem/-/google-p12-pem-2.0.2.tgz",
      "integrity": "sha512-UfnEARfJKI6pbmC1hfFFm+UAcZxeIwTiEcHfqKe/drMsXD/ilnVjF7zgOGpHXyhuvX6jNJK3S8A0hOQjwtFxEw==",
      "requires": {
        "node-forge": "^0.9.0"
      }
    },
    "gtoken": {
      "version": "4.1.0",
      "resolved": "https://registry.npmjs.org/gtoken/-/gtoken-4.1.0.tgz",
      "integrity": "sha512-wqyn2gf5buzEZN4QNmmiiW2i2JkEdZnL7Z/9p44RtZqgt4077m4khRgAYNuu8cBwHWCc6MsP6eDUn/KkF6jFIw==",
      "requires": {
        "gaxios": "^2.0.0",
        "google-p12-pem": "^2.0.0",
        "jws": "^3.1.5",
        "mime": "^2.2.0"
      }
    },
    "https-proxy-agent": {
      "version": "2.2.2",
      "resolved": "https://registry.npmjs.org/https-proxy-agent/-/https-proxy-agent-2.2.2.tgz",
      "integrity": "sha512-c8Ndjc9Bkpfx/vCJueCPy0jlP4ccCCSNDp8xwCZzPjKJUm+B+u9WX2x98Qx4n1PiMNTWo3D7KK5ifNV/yJyRzg==",
      "requires": {
        "agent-base": "^4.3.0",
        "debug": "^3.1.0"
      }
    },
    "json-bigint": {
      "version": "0.3.0",
      "resolved": "https://registry.npmjs.org/json-bigint/-/json-bigint-0.3.0.tgz",
      "integrity": "sha1-DM2RLEuCcNBfBW+9E4FLU9OCWx4=",
      "requires": {
        "bignumber.js": "^7.0.0"
      }
    },
    "jwa": {
      "version": "1.4.1",
      "resolved": "https://registry.npmjs.org/jwa/-/jwa-1.4.1.tgz",
      "integrity": "sha512-qiLX/xhEEFKUAJ6FiBMbes3w9ATzyk5W7Hvzpa/SLYdxNtng+gcurvrI7TbACjIXlsJyr05/S1oUhZrc63evQA==",
      "requires": {
        "buffer-equal-constant-time": "1.0.1",
        "ecdsa-sig-formatter": "1.0.11",
        "safe-buffer": "^5.0.1"
      }
    },
    "jws": {
      "version": "3.2.2",
      "resolved": "https://registry.npmjs.org/jws/-/jws-3.2.2.tgz",
      "integrity": "sha512-YHlZCB6lMTllWDtSPHz/ZXTsi8S00usEV6v1tjq8tOUZzw7DpSDWVXjXDre6ed1w/pd495ODpHZYSdkRTsa0HA==",
      "requires": {
        "jwa": "^1.4.1",
        "safe-buffer": "^5.0.1"
      }
    },
    "lodash": {
      "version": "4.17.15",
      "resolved": "https://registry.npmjs.org/lodash/-/lodash-4.17.15.tgz",
      "integrity": "sha512-8xOcRHvCjnocdS5cpwXQXVzmmh5e5+saE2QGoeQmbKmRS6J3VQppPOIt0MnmE+4xlZoumy0GPG0D0MVIQbNA1A=="
    },
    "login-with-twitter": {
      "version": "1.2.2",
      "resolved": "https://registry.npmjs.org/login-with-twitter/-/login-with-twitter-1.2.2.tgz",
      "integrity": "sha512-dorAwbkwbAT3cKwfYOt0KHI/qy6zldLsuHaAXADtaV5na5FHOncG19J6+9TqEkuW65KzYxOHa/9MYchDKdw94Q==",
      "requires": {
        "oauth-1.0a": "^2.2.1",
        "simple-get": "^3.0.3"
      }
    },
    "lru-cache": {
      "version": "4.1.5",
      "resolved": "https://registry.npmjs.org/lru-cache/-/lru-cache-4.1.5.tgz",
      "integrity": "sha512-sWZlbEP2OsHNkXrMl5GYk/jKk70MBng6UU4YI/qGDYbgf6YbP4EvmqISbXCoJiRKs+1bSpFHVgQxvJ17F2li5g==",
      "requires": {
        "pseudomap": "^1.0.2",
        "yallist": "^2.1.2"
      }
    },
    "mime": {
      "version": "2.4.4",
      "resolved": "https://registry.npmjs.org/mime/-/mime-2.4.4.tgz",
      "integrity": "sha512-LRxmNwziLPT828z+4YkNzloCFC2YM4wrB99k+AV5ZbEyfGNWfG8SO1FUXLmLDBSo89NrJZ4DIWeLjy1CHGhMGA=="
    },
    "mime-db": {
      "version": "1.42.0",
      "resolved": "https://registry.npmjs.org/mime-db/-/mime-db-1.42.0.tgz",
      "integrity": "sha512-UbfJCR4UAVRNgMpfImz05smAXK7+c+ZntjaA26ANtkXLlOe947Aag5zdIcKQULAiF9Cq4WxBi9jUs5zkA84bYQ=="
    },
    "mimic-response": {
      "version": "2.0.0",
      "resolved": "https://registry.npmjs.org/mimic-response/-/mimic-response-2.0.0.tgz",
      "integrity": "sha512-8ilDoEapqA4uQ3TwS0jakGONKXVJqpy+RpM+3b7pLdOjghCrEiGp9SRkFbUHAmZW9vdnrENWHjaweIoTIJExSQ=="
    },
    "ms": {
      "version": "2.1.2",
      "resolved": "https://registry.npmjs.org/ms/-/ms-2.1.2.tgz",
      "integrity": "sha512-sGkPx+VjMtmA6MX27oA4FBFELFCZZ4S4XqeGOXCv68tT+jb3vk/RyaKWP0PTKyWtmLSM0b+adUTEvbs1PEaH2w=="
    },
    "node-addon-api": {
      "version": "1.7.1",
      "resolved": "https://registry.npmjs.org/node-addon-api/-/node-addon-api-1.7.1.tgz",
      "integrity": "sha512-2+DuKodWvwRTrCfKOeR24KIc5unKjOh8mz17NCzVnHWfjAdDqbfbjqh7gUT+BkXBRQM52+xCHciKWonJ3CbJMQ=="
    },
    "node-fetch": {
      "version": "2.6.0",
      "resolved": "https://registry.npmjs.org/node-fetch/-/node-fetch-2.6.0.tgz",
      "integrity": "sha512-8dG4H5ujfvFiqDmVu9fQ5bOHUC15JMjMY/Zumv26oOvvVJjM67KF8koCWIabKQ1GJIa9r2mMZscBq/TbdOcmNA=="
    },
    "node-forge": {
      "version": "0.9.1",
      "resolved": "https://registry.npmjs.org/node-forge/-/node-forge-0.9.1.tgz",
      "integrity": "sha512-G6RlQt5Sb4GMBzXvhfkeFmbqR6MzhtnT7VTHuLadjkii3rdYHNdw0m8zA4BTxVIh68FicCQ2NSUANpsqkr9jvQ=="
    },
    "node-gyp-build": {
      "version": "4.1.1",
      "resolved": "https://registry.npmjs.org/node-gyp-build/-/node-gyp-build-4.1.1.tgz",
      "integrity": "sha512-dSq1xmcPDKPZ2EED2S6zw/b9NKsqzXRE6dVr8TVQnI3FJOTteUMuqF3Qqs6LZg+mLGYJWqQzMbIjMtJqTv87nQ=="
    },
    "oauth-1.0a": {
      "version": "2.2.6",
      "resolved": "https://registry.npmjs.org/oauth-1.0a/-/oauth-1.0a-2.2.6.tgz",
      "integrity": "sha512-6bkxv3N4Gu5lty4viIcIAnq5GbxECviMBeKR3WX/q87SPQ8E8aursPZUtsXDnxCs787af09WPRBLqYrf/lwoYQ=="
    },
    "once": {
      "version": "1.4.0",
      "resolved": "https://registry.npmjs.org/once/-/once-1.4.0.tgz",
      "integrity": "sha1-WDsap3WWHUsROsF9nFC6753Xa9E=",
      "requires": {
        "wrappy": "1"
      }
    },
    "packet-reader": {
      "version": "1.0.0",
      "resolved": "https://registry.npmjs.org/packet-reader/-/packet-reader-1.0.0.tgz",
      "integrity": "sha512-HAKu/fG3HpHFO0AA8WE8q2g+gBJaZ9MG7fcKk+IJPLTGAD6Psw4443l+9DGRbOIh3/aXr7Phy0TjilYivJo5XQ=="
    },
    "pg": {
      "version": "7.12.1",
      "resolved": "https://registry.npmjs.org/pg/-/pg-7.12.1.tgz",
      "integrity": "sha512-l1UuyfEvoswYfcUe6k+JaxiN+5vkOgYcVSbSuw3FvdLqDbaoa2RJo1zfJKfPsSYPFVERd4GHvX3s2PjG1asSDA==",
      "requires": {
        "buffer-writer": "2.0.0",
        "packet-reader": "1.0.0",
        "pg-connection-string": "0.1.3",
        "pg-pool": "^2.0.4",
        "pg-types": "^2.1.0",
        "pgpass": "1.x",
        "semver": "4.3.2"
      }
    },
    "pg-connection-string": {
      "version": "0.1.3",
      "resolved": "https://registry.npmjs.org/pg-connection-string/-/pg-connection-string-0.1.3.tgz",
      "integrity": "sha1-2hhHsglA5C7hSSvq9l1J2RskXfc="
    },
    "pg-int8": {
      "version": "1.0.1",
      "resolved": "https://registry.npmjs.org/pg-int8/-/pg-int8-1.0.1.tgz",
      "integrity": "sha512-WCtabS6t3c8SkpDBUlb1kjOs7l66xsGdKpIPZsg4wR+B3+u9UAum2odSsF9tnvxg80h4ZxLWMy4pRjOsFIqQpw=="
    },
    "pg-pool": {
      "version": "2.0.7",
      "resolved": "https://registry.npmjs.org/pg-pool/-/pg-pool-2.0.7.tgz",
      "integrity": "sha512-UiJyO5B9zZpu32GSlP0tXy8J2NsJ9EFGFfz5v6PSbdz/1hBLX1rNiiy5+mAm5iJJYwfCv4A0EBcQLGWwjbpzZw=="
    },
    "pg-types": {
      "version": "2.2.0",
      "resolved": "https://registry.npmjs.org/pg-types/-/pg-types-2.2.0.tgz",
      "integrity": "sha512-qTAAlrEsl8s4OiEQY69wDvcMIdQN6wdz5ojQiOy6YRMuynxenON0O5oCpJI6lshc6scgAY8qvJ2On/p+CXY0GA==",
      "requires": {
        "pg-int8": "1.0.1",
        "postgres-array": "~2.0.0",
        "postgres-bytea": "~1.0.0",
        "postgres-date": "~1.0.4",
        "postgres-interval": "^1.1.0"
      }
    },
    "pgpass": {
      "version": "1.0.2",
      "resolved": "https://registry.npmjs.org/pgpass/-/pgpass-1.0.2.tgz",
      "integrity": "sha1-Knu0G2BltnkH6R2hsHwYR8h3swY=",
      "requires": {
        "split": "^1.0.0"
      }
    },
    "postgres-array": {
      "version": "2.0.0",
      "resolved": "https://registry.npmjs.org/postgres-array/-/postgres-array-2.0.0.tgz",
      "integrity": "sha512-VpZrUqU5A69eQyW2c5CA1jtLecCsN2U/bD6VilrFDWq5+5UIEVO7nazS3TEcHf1zuPYO/sqGvUvW62g86RXZuA=="
    },
    "postgres-bytea": {
      "version": "1.0.0",
      "resolved": "https://registry.npmjs.org/postgres-bytea/-/postgres-bytea-1.0.0.tgz",
      "integrity": "sha1-AntTPAqokOJtFy1Hz5zOzFIazTU="
    },
    "postgres-date": {
      "version": "1.0.4",
      "resolved": "https://registry.npmjs.org/postgres-date/-/postgres-date-1.0.4.tgz",
      "integrity": "sha512-bESRvKVuTrjoBluEcpv2346+6kgB7UlnqWZsnbnCccTNq/pqfj1j6oBaN5+b/NrDXepYUT/HKadqv3iS9lJuVA=="
    },
    "postgres-interval": {
      "version": "1.2.0",
      "resolved": "https://registry.npmjs.org/postgres-interval/-/postgres-interval-1.2.0.tgz",
      "integrity": "sha512-9ZhXKM/rw350N1ovuWHbGxnGh/SNJ4cnxHiM0rxE4VN41wsg8P8zWn9hv/buK00RP4WvlOyr/RBDiptyxVbkZQ==",
      "requires": {
        "xtend": "^4.0.0"
      }
    },
    "pseudomap": {
      "version": "1.0.2",
      "resolved": "https://registry.npmjs.org/pseudomap/-/pseudomap-1.0.2.tgz",
      "integrity": "sha1-8FKijacOYYkX7wqKw0wa5aaChrM="
    },
    "safe-buffer": {
      "version": "5.2.0",
      "resolved": "https://registry.npmjs.org/safe-buffer/-/safe-buffer-5.2.0.tgz",
      "integrity": "sha512-fZEwUGbVl7kouZs1jCdMLdt95hdIv0ZeHg6L7qPeciMZhZ+/gdesW4wgTARkrFWEpspjEATAzUGPG8N2jJiwbg=="
    },
    "semver": {
      "version": "4.3.2",
      "resolved": "https://registry.npmjs.org/semver/-/semver-4.3.2.tgz",
      "integrity": "sha1-x6BxWKgL7dBSNVt3DYLWZA+AO+c="
    },
    "simple-concat": {
      "version": "1.0.0",
      "resolved": "https://registry.npmjs.org/simple-concat/-/simple-concat-1.0.0.tgz",
      "integrity": "sha1-c0TLuLbib7J9ZrL8hvn21Zl1IcY="
    },
    "simple-get": {
      "version": "3.1.0",
      "resolved": "https://registry.npmjs.org/simple-get/-/simple-get-3.1.0.tgz",
      "integrity": "sha512-bCR6cP+aTdScaQCnQKbPKtJOKDp/hj9EDLJo3Nw4y1QksqaovlW/bnptB6/c1e+qmNIDHRK+oXFDdEqBT8WzUA==",
      "requires": {
        "decompress-response": "^4.2.0",
        "once": "^1.3.1",
        "simple-concat": "^1.0.0"
      }
    },
    "slugify": {
      "version": "1.3.5",
      "resolved": "https://registry.npmjs.org/slugify/-/slugify-1.3.5.tgz",
      "integrity": "sha512-5VCnH7aS13b0UqWOs7Ef3E5rkhFe8Od+cp7wybFv5mv/sYSRkucZlJX0bamAJky7b2TTtGvrJBWVdpdEicsSrA=="
    },
    "split": {
      "version": "1.0.1",
      "resolved": "https://registry.npmjs.org/split/-/split-1.0.1.tgz",
      "integrity": "sha512-mTyOoPbrivtXnwnIxZRFYRrPNtEFKlpB2fvjSnCQUiAA6qAZzqwna5envK4uk6OIeP17CsdF3rSBGYVBsU0Tkg==",
      "requires": {
        "through": "2"
      }
    },
    "through": {
      "version": "2.3.8",
      "resolved": "https://registry.npmjs.org/through/-/through-2.3.8.tgz",
      "integrity": "sha1-DdTJ/6q8NXlgsbckEV1+Doai4fU="
    },
    "wrappy": {
      "version": "1.0.2",
      "resolved": "https://registry.npmjs.org/wrappy/-/wrappy-1.0.2.tgz",
      "integrity": "sha1-tSQ9jz7BqjXxNkYFvA0QNuMKtp8="
    },
    "xtend": {
      "version": "4.0.2",
      "resolved": "https://registry.npmjs.org/xtend/-/xtend-4.0.2.tgz",
      "integrity": "sha512-LKYU1iAXJXUgAXn9URjiu+MWhyUXHsvfp7mcuYm9dSUKK0/CjtrUwFAxD82/mCWbtLsGjFIad0wIsod4zrTAEQ=="
    },
    "yallist": {
      "version": "2.1.2",
      "resolved": "https://registry.npmjs.org/yallist/-/yallist-2.1.2.tgz",
      "integrity": "sha1-HBH5IY8HYImkfdUS+TxmmaaoHVI="
    }
  }
}
